// !$*UTF8*$!
{
	archiveVersion = 1;
	classes = {
	};
	objectVersion = 56;
	objects = {

/* Begin PBXBuildFile section */
		6390A55C2A672AD20070CA82 /* AppDelegate.m in Sources */ = {isa = PBXBuildFile; fileRef = 6390A55B2A672AD20070CA82 /* AppDelegate.m */; };
		6390A5672A672AD20070CA82 /* Assets.xcassets in Resources */ = {isa = PBXBuildFile; fileRef = 6390A5662A672AD20070CA82 /* Assets.xcassets */; };
		6390A56A2A672AD20070CA82 /* LaunchScreen.storyboard in Resources */ = {isa = PBXBuildFile; fileRef = 6390A5682A672AD20070CA82 /* LaunchScreen.storyboard */; };
		6390A56D2A672AD20070CA82 /* main.m in Sources */ = {isa = PBXBuildFile; fileRef = 6390A56C2A672AD20070CA82 /* main.m */; };
		6390A5752A672B250070CA82 /* RootViewController.m in Sources */ = {isa = PBXBuildFile; fileRef = 6390A5742A672B250070CA82 /* RootViewController.m */; };
		6390A57E2A672B8C0070CA82 /* DAAppsViewController.m in Sources */ = {isa = PBXBuildFile; fileRef = 6390A5782A672B8C0070CA82 /* DAAppsViewController.m */; };
		6390A57F2A672B8C0070CA82 /* DAAppObject.m in Sources */ = {isa = PBXBuildFile; fileRef = 6390A57A2A672B8C0070CA82 /* DAAppObject.m */; };
		6390A5812A672B8C0070CA82 /* DAAppViewCell.m in Sources */ = {isa = PBXBuildFile; fileRef = 6390A57D2A672B8C0070CA82 /* DAAppViewCell.m */; };
/* End PBXBuildFile section */

/* Begin PBXFileReference section */
		6390A5572A672AD20070CA82 /* DAAppsViewControllerExample.app */ = {isa = PBXFileReference; explicitFileType = wrapper.application; includeInIndex = 0; path = DAAppsViewControllerExample.app; sourceTree = BUILT_PRODUCTS_DIR; };
		6390A55A2A672AD20070CA82 /* AppDelegate.h */ = {isa = PBXFileReference; lastKnownFileType = sourcecode.c.h; path = AppDelegate.h; sourceTree = "<group>"; };
		6390A55B2A672AD20070CA82 /* AppDelegate.m */ = {isa = PBXFileReference; lastKnownFileType = sourcecode.c.objc; path = AppDelegate.m; sourceTree = "<group>"; };
		6390A5662A672AD20070CA82 /* Assets.xcassets */ = {isa = PBXFileReference; lastKnownFileType = folder.assetcatalog; path = Assets.xcassets; sourceTree = "<group>"; };
		6390A5692A672AD20070CA82 /* Base */ = {isa = PBXFileReference; lastKnownFileType = file.storyboard; name = Base; path = Base.lproj/LaunchScreen.storyboard; sourceTree = "<group>"; };
		6390A56B2A672AD20070CA82 /* Info.plist */ = {isa = PBXFileReference; lastKnownFileType = text.plist.xml; path = Info.plist; sourceTree = "<group>"; };
		6390A56C2A672AD20070CA82 /* main.m */ = {isa = PBXFileReference; lastKnownFileType = sourcecode.c.objc; path = main.m; sourceTree = "<group>"; };
		6390A5732A672B250070CA82 /* RootViewController.h */ = {isa = PBXFileReference; lastKnownFileType = sourcecode.c.h; path = RootViewController.h; sourceTree = "<group>"; };
		6390A5742A672B250070CA82 /* RootViewController.m */ = {isa = PBXFileReference; lastKnownFileType = sourcecode.c.objc; path = RootViewController.m; sourceTree = "<group>"; };
		6390A5772A672B8C0070CA82 /* DAAppObject.h */ = {isa = PBXFileReference; fileEncoding = 4; lastKnownFileType = sourcecode.c.h; path = DAAppObject.h; sourceTree = "<group>"; };
		6390A5782A672B8C0070CA82 /* DAAppsViewController.m */ = {isa = PBXFileReference; fileEncoding = 4; lastKnownFileType = sourcecode.c.objc; path = DAAppsViewController.m; sourceTree = "<group>"; };
		6390A5792A672B8C0070CA82 /* DAAppViewCell.h */ = {isa = PBXFileReference; fileEncoding = 4; lastKnownFileType = sourcecode.c.h; path = DAAppViewCell.h; sourceTree = "<group>"; };
		6390A57A2A672B8C0070CA82 /* DAAppObject.m */ = {isa = PBXFileReference; fileEncoding = 4; lastKnownFileType = sourcecode.c.objc; path = DAAppObject.m; sourceTree = "<group>"; };
		6390A57B2A672B8C0070CA82 /* DAAppsViewController.h */ = {isa = PBXFileReference; fileEncoding = 4; lastKnownFileType = sourcecode.c.h; path = DAAppsViewController.h; sourceTree = "<group>"; };
		6390A57D2A672B8C0070CA82 /* DAAppViewCell.m */ = {isa = PBXFileReference; fileEncoding = 4; lastKnownFileType = sourcecode.c.objc; path = DAAppViewCell.m; sourceTree = "<group>"; };
/* End PBXFileReference section */

/* Begin PBXFrameworksBuildPhase section */
		6390A5542A672AD20070CA82 /* Frameworks */ = {
			isa = PBXFrameworksBuildPhase;
			buildActionMask = 2147483647;
			files = (
			);
			runOnlyForDeploymentPostprocessing = 0;
		};
/* End PBXFrameworksBuildPhase section */

/* Begin PBXGroup section */
		6390A54E2A672AD20070CA82 = {
			isa = PBXGroup;
			children = (
				6390A5762A672B8C0070CA82 /* DAAppsViewController */,
				6390A5592A672AD20070CA82 /* DAAppsViewControllerExample */,
				6390A5582A672AD20070CA82 /* Products */,
			);
			sourceTree = "<group>";
		};
		6390A5582A672AD20070CA82 /* Products */ = {
			isa = PBXGroup;
			children = (
				6390A5572A672AD20070CA82 /* DAAppsViewControllerExample.app */,
			);
			name = Products;
			sourceTree = "<group>";
		};
		6390A5592A672AD20070CA82 /* DAAppsViewControllerExample */ = {
			isa = PBXGroup;
			children = (
				6390A55A2A672AD20070CA82 /* AppDelegate.h */,
				6390A55B2A672AD20070CA82 /* AppDelegate.m */,
				6390A5732A672B250070CA82 /* RootViewController.h */,
				6390A5742A672B250070CA82 /* RootViewController.m */,
				6390A5662A672AD20070CA82 /* Assets.xcassets */,
				6390A5682A672AD20070CA82 /* LaunchScreen.storyboard */,
				6390A56B2A672AD20070CA82 /* Info.plist */,
				6390A56C2A672AD20070CA82 /* main.m */,
			);
			path = DAAppsViewControllerExample;
			sourceTree = "<group>";
		};
		6390A5762A672B8C0070CA82 /* DAAppsViewController */ = {
			isa = PBXGroup;
			children = (
				6390A57B2A672B8C0070CA82 /* DAAppsViewController.h */,
				6390A5782A672B8C0070CA82 /* DAAppsViewController.m */,
				6390A5772A672B8C0070CA82 /* DAAppObject.h */,
				6390A57A2A672B8C0070CA82 /* DAAppObject.m */,
				6390A5792A672B8C0070CA82 /* DAAppViewCell.h */,
				6390A57D2A672B8C0070CA82 /* DAAppViewCell.m */,
			);
			name = DAAppsViewController;
			path = ../DAAppsViewController;
			sourceTree = "<group>";
		};
/* End PBXGroup section */

/* Begin PBXNativeTarget section */
		6390A5562A672AD20070CA82 /* DAAppsViewControllerExample */ = {
			isa = PBXNativeTarget;
			buildConfigurationList = 6390A5702A672AD20070CA82 /* Build configuration list for PBXNativeTarget "DAAppsViewControllerExample" */;
			buildPhases = (
				6390A5532A672AD20070CA82 /* Sources */,
				6390A5542A672AD20070CA82 /* Frameworks */,
				6390A5552A672AD20070CA82 /* Resources */,
			);
			buildRules = (
			);
			dependencies = (
			);
			name = DAAppsViewControllerExample;
			productName = DAAppsViewControllerExample;
			productReference = 6390A5572A672AD20070CA82 /* DAAppsViewControllerExample.app */;
			productType = "com.apple.product-type.application";
		};
/* End PBXNativeTarget section */

/* Begin PBXProject section */
		6390A54F2A672AD20070CA82 /* Project object */ = {
			isa = PBXProject;
			attributes = {
				BuildIndependentTargetsInParallel = 1;
				LastUpgradeCheck = 1420;
				TargetAttributes = {
					6390A5562A672AD20070CA82 = {
						CreatedOnToolsVersion = 14.2;
					};
				};
			};
			buildConfigurationList = 6390A5522A672AD20070CA82 /* Build configuration list for PBXProject "DAAppsViewControllerExample" */;
			compatibilityVersion = "Xcode 14.0";
			developmentRegion = en;
			hasScannedForEncodings = 0;
			knownRegions = (
				en,
				Base,
			);
			mainGroup = 6390A54E2A672AD20070CA82;
			productRefGroup = 6390A5582A672AD20070CA82 /* Products */;
			projectDirPath = "";
			projectRoot = "";
			targets = (
				6390A5562A672AD20070CA82 /* DAAppsViewControllerExample */,
			);
		};
/* End PBXProject section */

/* Begin PBXResourcesBuildPhase section */
		6390A5552A672AD20070CA82 /* Resources */ = {
			isa = PBXResourcesBuildPhase;
			buildActionMask = 2147483647;
			files = (
				6390A56A2A672AD20070CA82 /* LaunchScreen.storyboard in Resources */,
				6390A5672A672AD20070CA82 /* Assets.xcassets in Resources */,
			);
			runOnlyForDeploymentPostprocessing = 0;
		};
/* End PBXResourcesBuildPhase section */

/* Begin PBXSourcesBuildPhase section */
		6390A5532A672AD20070CA82 /* Sources */ = {
			isa = PBXSourcesBuildPhase;
			buildActionMask = 2147483647;
			files = (
				6390A57F2A672B8C0070CA82 /* DAAppObject.m in Sources */,
				6390A5812A672B8C0070CA82 /* DAAppViewCell.m in Sources */,
				6390A55C2A672AD20070CA82 /* AppDelegate.m in Sources */,
				6390A57E2A672B8C0070CA82 /* DAAppsViewController.m in Sources */,
				6390A5752A672B250070CA82 /* RootViewController.m in Sources */,
				6390A56D2A672AD20070CA82 /* main.m in Sources */,
			);
			runOnlyForDeploymentPostprocessing = 0;
		};
/* End PBXSourcesBuildPhase section */

/* Begin PBXVariantGroup section */
		6390A5682A672AD20070CA82 /* LaunchScreen.storyboard */ = {
			isa = PBXVariantGroup;
			children = (
				6390A5692A672AD20070CA82 /* Base */,
			);
			name = LaunchScreen.storyboard;
			sourceTree = "<group>";
		};
/* End PBXVariantGroup section */

/* Begin XCBuildConfiguration section */
		6390A56E2A672AD20070CA82 /* Debug */ = {
			isa = XCBuildConfiguration;
			buildSettings = {
				ALWAYS_SEARCH_USER_PATHS = NO;
				CLANG_ANALYZER_NONNULL = YES;
				CLANG_ANALYZER_NUMBER_OBJECT_CONVERSION = YES_AGGRESSIVE;
				CLANG_CXX_LANGUAGE_STANDARD = "gnu++20";
				CLANG_ENABLE_MODULES = YES;
				CLANG_ENABLE_OBJC_ARC = YES;
				CLANG_ENABLE_OBJC_WEAK = YES;
				CLANG_WARN_BLOCK_CAPTURE_AUTORELEASING = YES;
				CLANG_WARN_BOOL_CONVERSION = YES;
				CLANG_WARN_COMMA = YES;
				CLANG_WARN_CONSTANT_CONVERSION = YES;
				CLANG_WARN_DEPRECATED_OBJC_IMPLEMENTATIONS = YES;
				CLANG_WARN_DIRECT_OBJC_ISA_USAGE = YES_ERROR;
				CLANG_WARN_DOCUMENTATION_COMMENTS = YES;
				CLANG_WARN_EMPTY_BODY = YES;
				CLANG_WARN_ENUM_CONVERSION = YES;
				CLANG_WARN_INFINITE_RECURSION = YES;
				CLANG_WARN_INT_CONVERSION = YES;
				CLANG_WARN_NON_LITERAL_NULL_CONVERSION = YES;
				CLANG_WARN_OBJC_IMPLICIT_RETAIN_SELF = YES;
				CLANG_WARN_OBJC_LITERAL_CONVERSION = YES;
				CLANG_WARN_OBJC_ROOT_CLASS = YES_ERROR;
				CLANG_WARN_QUOTED_INCLUDE_IN_FRAMEWORK_HEADER = YES;
				CLANG_WARN_RANGE_LOOP_ANALYSIS = YES;
				CLANG_WARN_STRICT_PROTOTYPES = YES;
				CLANG_WARN_SUSPICIOUS_MOVE = YES;
				CLANG_WARN_UNGUARDED_AVAILABILITY = YES_AGGRESSIVE;
				CLANG_WARN_UNREACHABLE_CODE = YES;
				CLANG_WARN__DUPLICATE_METHOD_MATCH = YES;
				COPY_PHASE_STRIP = NO;
				DEBUG_INFORMATION_FORMAT = dwarf;
				ENABLE_STRICT_OBJC_MSGSEND = YES;
				ENABLE_TESTABILITY = YES;
				GCC_C_LANGUAGE_STANDARD = gnu11;
				GCC_DYNAMIC_NO_PIC = NO;
				GCC_NO_COMMON_BLOCKS = YES;
				GCC_OPTIMIZATION_LEVEL = 0;
				GCC_PREPROCESSOR_DEFINITIONS = (
					"DEBUG=1",
					"$(inherited)",
				);
				GCC_WARN_64_TO_32_BIT_CONVERSION = YES;
				GCC_WARN_ABOUT_RETURN_TYPE = YES_ERROR;
				GCC_WARN_UNDECLARED_SELECTOR = YES;
				GCC_WARN_UNINITIALIZED_AUTOS = YES_AGGRESSIVE;
				GCC_WARN_UNUSED_FUNCTION = YES;
				GCC_WARN_UNUSED_VARIABLE = YES;
				IPHONEOS_DEPLOYMENT_TARGET = 12.0;
				MTL_ENABLE_DEBUG_INFO = INCLUDE_SOURCE;
				MTL_FAST_MATH = YES;
				ONLY_ACTIVE_ARCH = YES;
				SDKROOT = iphoneos;
			};
			name = Debug;
		};
		6390A56F2A672AD20070CA82 /* Release */ = {
			isa = XCBuildConfiguration;
			buildSettings = {
				ALWAYS_SEARCH_USER_PATHS = NO;
				CLANG_ANALYZER_NONNULL = YES;
				CLANG_ANALYZER_NUMBER_OBJECT_CONVERSION = YES_AGGRESSIVE;
				CLANG_CXX_LANGUAGE_STANDARD = "gnu++20";
				CLANG_ENABLE_MODULES = YES;
				CLANG_ENABLE_OBJC_ARC = YES;
				CLANG_ENABLE_OBJC_WEAK = YES;
				CLANG_WARN_BLOCK_CAPTURE_AUTORELEASING = YES;
				CLANG_WARN_BOOL_CONVERSION = YES;
				CLANG_WARN_COMMA = YES;
				CLANG_WARN_CONSTANT_CONVERSION = YES;
				CLANG_WARN_DEPRECATED_OBJC_IMPLEMENTATIONS = YES;
				CLANG_WARN_DIRECT_OBJC_ISA_USAGE = YES_ERROR;
				CLANG_WARN_DOCUMENTATION_COMMENTS = YES;
				CLANG_WARN_EMPTY_BODY = YES;
				CLANG_WARN_ENUM_CONVERSION = YES;
				CLANG_WARN_INFINITE_RECURSION = YES;
				CLANG_WARN_INT_CONVERSION = YES;
				CLANG_WARN_NON_LITERAL_NULL_CONVERSION = YES;
				CLANG_WARN_OBJC_IMPLICIT_RETAIN_SELF = YES;
				CLANG_WARN_OBJC_LITERAL_CONVERSION = YES;
				CLANG_WARN_OBJC_ROOT_CLASS = YES_ERROR;
				CLANG_WARN_QUOTED_INCLUDE_IN_FRAMEWORK_HEADER = YES;
				CLANG_WARN_RANGE_LOOP_ANALYSIS = YES;
				CLANG_WARN_STRICT_PROTOTYPES = YES;
				CLANG_WARN_SUSPICIOUS_MOVE = YES;
				CLANG_WARN_UNGUARDED_AVAILABILITY = YES_AGGRESSIVE;
				CLANG_WARN_UNREACHABLE_CODE = YES;
				CLANG_WARN__DUPLICATE_METHOD_MATCH = YES;
				COPY_PHASE_STRIP = NO;
				DEBUG_INFORMATION_FORMAT = "dwarf-with-dsym";
				ENABLE_NS_ASSERTIONS = NO;
				ENABLE_STRICT_OBJC_MSGSEND = YES;
				GCC_C_LANGUAGE_STANDARD = gnu11;
				GCC_NO_COMMON_BLOCKS = YES;
				GCC_WARN_64_TO_32_BIT_CONVERSION = YES;
				GCC_WARN_ABOUT_RETURN_TYPE = YES_ERROR;
				GCC_WARN_UNDECLARED_SELECTOR = YES;
				GCC_WARN_UNINITIALIZED_AUTOS = YES_AGGRESSIVE;
				GCC_WARN_UNUSED_FUNCTION = YES;
				GCC_WARN_UNUSED_VARIABLE = YES;
				IPHONEOS_DEPLOYMENT_TARGET = 12.0;
				MTL_ENABLE_DEBUG_INFO = NO;
				MTL_FAST_MATH = YES;
				SDKROOT = iphoneos;
				VALIDATE_PRODUCT = YES;
			};
			name = Release;
		};
		6390A5712A672AD20070CA82 /* Debug */ = {
			isa = XCBuildConfiguration;
			buildSettings = {
				ASSETCATALOG_COMPILER_APPICON_NAME = AppIcon;
				ASSETCATALOG_COMPILER_GLOBAL_ACCENT_COLOR_NAME = AccentColor;
				CODE_SIGN_STYLE = Automatic;
				CURRENT_PROJECT_VERSION = 1;
				GENERATE_INFOPLIST_FILE = YES;
				INFOPLIST_FILE = DAAppsViewControllerExample/Info.plist;
				INFOPLIST_KEY_UIApplicationSupportsIndirectInputEvents = YES;
				INFOPLIST_KEY_UILaunchStoryboardName = LaunchScreen;
				INFOPLIST_KEY_UIMainStoryboardFile = "";
				INFOPLIST_KEY_UISupportedInterfaceOrientations = UIInterfaceOrientationPortrait;
				INFOPLIST_KEY_UISupportedInterfaceOrientations_iPad = "UIInterfaceOrientationLandscapeLeft UIInterfaceOrientationLandscapeRight UIInterfaceOrientationPortrait UIInterfaceOrientationPortraitUpsideDown";
				IPHONEOS_DEPLOYMENT_TARGET = 12.0;
				LD_RUNPATH_SEARCH_PATHS = (
					"$(inherited)",
					"@executable_path/Frameworks",
				);
				MARKETING_VERSION = 1.0;
				PRODUCT_BUNDLE_IDENTIFIER = com.danielamitay.DAAppsViewControllerExample;
				PRODUCT_NAME = "$(TARGET_NAME)";
				SWIFT_EMIT_LOC_STRINGS = YES;
				TARGETED_DEVICE_FAMILY = "1,2";
			};
			name = Debug;
		};
		6390A5722A672AD20070CA82 /* Release */ = {
			isa = XCBuildConfiguration;
			buildSettings = {
				ASSETCATALOG_COMPILER_APPICON_NAME = AppIcon;
				ASSETCATALOG_COMPILER_GLOBAL_ACCENT_COLOR_NAME = AccentColor;
				CODE_SIGN_STYLE = Automatic;
				CURRENT_PROJECT_VERSION = 1;
				GENERATE_INFOPLIST_FILE = YES;
				INFOPLIST_FILE = DAAppsViewControllerExample/Info.plist;
				INFOPLIST_KEY_UIApplicationSupportsIndirectInputEvents = YES;
				INFOPLIST_KEY_UILaunchStoryboardName = LaunchScreen;
				INFOPLIST_KEY_UIMainStoryboardFile = "";
				INFOPLIST_KEY_UISupportedInterfaceOrientations = UIInterfaceOrientationPortrait;
				INFOPLIST_KEY_UISupportedInterfaceOrientations_iPad = "UIInterfaceOrientationLandscapeLeft UIInterfaceOrientationLandscapeRight UIInterfaceOrientationPortrait UIInterfaceOrientationPortraitUpsideDown";
				IPHONEOS_DEPLOYMENT_TARGET = 12.0;
				LD_RUNPATH_SEARCH_PATHS = (
					"$(inherited)",
					"@executable_path/Frameworks",
				);
				MARKETING_VERSION = 1.0;
				PRODUCT_BUNDLE_IDENTIFIER = com.danielamitay.DAAppsViewControllerExample;
				PRODUCT_NAME = "$(TARGET_NAME)";
				SWIFT_EMIT_LOC_STRINGS = YES;
				TARGETED_DEVICE_FAMILY = "1,2";
			};
			name = Release;
		};
/* End XCBuildConfiguration section */

/* Begin XCConfigurationList section */
		6390A5522A672AD20070CA82 /* Build configuration list for PBXProject "DAAppsViewControllerExample" */ = {
			isa = XCConfigurationList;
			buildConfigurations = (
				6390A56E2A672AD20070CA82 /* Debug */,
				6390A56F2A672AD20070CA82 /* Release */,
			);
			defaultConfigurationIsVisible = 0;
			defaultConfigurationName = Release;
		};
		6390A5702A672AD20070CA82 /* Build configuration list for PBXNativeTarget "DAAppsViewControllerExample" */ = {
			isa = XCConfigurationList;
			buildConfigurations = (
				6390A5712A672AD20070CA82 /* Debug */,
				6390A5722A672AD20070CA82 /* Release */,
			);
			defaultConfigurationIsVisible = 0;
			defaultConfigurationName = Release;
		};
/* End XCConfigurationList section */
	};
	rootObject = 6390A54F2A672AD20070CA82 /* Project object */;
}
